
Microsoft Visual Studio Solution File, Format Version 12.00
# Visual Studio Version 17
VisualStudioVersion = 17.10.35004.147
MinimumVisualStudioVersion = 10.0.40219.1
Project("{FAE04EC0-301F-11D3-BF4B-00C04F79EFBC}") = "WaterBillingApp", "WaterBillingApp\WaterBillingApp.csproj", "{FC21E474-5F9A-41F3-8BF1-BC8E4E717F0B}"
EndProject
Global
	GlobalSection(SolutionConfigurationPlatforms) = preSolution
		Debug|Any CPU = Debug|Any CPU
		Release|Any CPU = Release|Any CPU
	EndGlobalSection
	GlobalSection(ProjectConfigurationPlatforms) = postSolution
		{FC21E474-5F9A-41F3-8BF1-BC8E4E717F0B}.Debug|Any CPU.ActiveCfg = Debug|Any CPU
		{FC21E474-5F9A-41F3-8BF1-BC8E4E717F0B}.Debug|Any CPU.Build.0 = Debug|Any CPU
		{FC21E474-5F9A-41F3-8BF1-BC8E4E717F0B}.Debug|Any CPU.Deploy.0 = Debug|Any CPU
		{FC21E474-5F9A-41F3-8BF1-BC8E4E717F0B}.Release|Any CPU.ActiveCfg = Release|Any CPU
		{FC21E474-5F9A-41F3-8BF1-BC8E4E717F0B}.Release|Any CPU.Build.0 = Release|Any CPU
		{FC21E474-5F9A-41F3-8BF1-BC8E4E717F0B}.Release|Any CPU.Deploy.0 = Release|Any CPU
	EndGlobalSection
	GlobalSection(SolutionProperties) = preSolution
		HideSolutionNode = FALSE
	EndGlobalSection
	GlobalSection(ExtensibilityGlobals) = postSolution
		SolutionGuid = {701CD37F-3F4C-4292-81CB-B8682F1C3C1C}
	EndGlobalSection
EndGlobal
